// !$*UTF8*$!
{
	archiveVersion = 1;
	classes = {
	};
	objectVersion = 77;
	objects = {

/* Begin PBXContainerItemProxy section */
		55FCCD102E78889600133C6C /* PBXContainerItemProxy */ = {
			isa = PBXContainerItemProxy;
			containerPortal = 55FCCCF72E78889500133C6C /* Project object */;
			proxyType = 1;
			remoteGlobalIDString = 55FCCCFE2E78889500133C6C;
			remoteInfo = OpenChecklist;
		};
		55FCCD1A2E78889600133C6C /* PBXContainerItemProxy */ = {
			isa = PBXContainerItemProxy;
			containerPortal = 55FCCCF72E78889500133C6C /* Project object */;
			proxyType = 1;
			remoteGlobalIDString = 55FCCCFE2E78889500133C6C;
			remoteInfo = OpenChecklist;
		};
		55FCCD542E78943500133C6C /* PBXContainerItemProxy */ = {
			isa = PBXContainerItemProxy;
			containerPortal = 55FCCCF72E78889500133C6C /* Project object */;
			proxyType = 1;
			remoteGlobalIDString = 55FCCD432E78943400133C6C;
			remoteInfo = OpenChecklistMac;
		};
		55FCCD5E2E78943500133C6C /* PBXContainerItemProxy */ = {
			isa = PBXContainerItemProxy;
			containerPortal = 55FCCCF72E78889500133C6C /* Project object */;
			proxyType = 1;
			remoteGlobalIDString = 55FCCD432E78943400133C6C;
			remoteInfo = OpenChecklistMac;
		};
/* End PBXContainerItemProxy section */

/* Begin PBXFileReference section */
		55FCCCFF2E78889500133C6C /* OpenChecklist.app */ = {isa = PBXFileReference; explicitFileType = wrapper.application; includeInIndex = 0; path = OpenChecklist.app; sourceTree = BUILT_PRODUCTS_DIR; };
		55FCCD0F2E78889600133C6C /* OpenChecklistTests.xctest */ = {isa = PBXFileReference; explicitFileType = wrapper.cfbundle; includeInIndex = 0; path = OpenChecklistTests.xctest; sourceTree = BUILT_PRODUCTS_DIR; };
		55FCCD192E78889600133C6C /* OpenChecklistUITests.xctest */ = {isa = PBXFileReference; explicitFileType = wrapper.cfbundle; includeInIndex = 0; path = OpenChecklistUITests.xctest; sourceTree = BUILT_PRODUCTS_DIR; };
		55FCCD442E78943400133C6C /* OpenChecklistMac.app */ = {isa = PBXFileReference; explicitFileType = wrapper.application; includeInIndex = 0; path = OpenChecklistMac.app; sourceTree = BUILT_PRODUCTS_DIR; };
		55FCCD532E78943500133C6C /* OpenChecklistMacTests.xctest */ = {isa = PBXFileReference; explicitFileType = wrapper.cfbundle; includeInIndex = 0; path = OpenChecklistMacTests.xctest; sourceTree = BUILT_PRODUCTS_DIR; };
		55FCCD5D2E78943500133C6C /* OpenChecklistMacUITests.xctest */ = {isa = PBXFileReference; explicitFileType = wrapper.cfbundle; includeInIndex = 0; path = OpenChecklistMacUITests.xctest; sourceTree = BUILT_PRODUCTS_DIR; };
/* End PBXFileReference section */

/* Begin PBXFileSystemSynchronizedBuildFileExceptionSet section */
		55FCCD3D2E7890CD00133C6C /* Exceptions for "OpenChecklist" folder in "OpenChecklist" target */ = {
			isa = PBXFileSystemSynchronizedBuildFileExceptionSet;
			membershipExceptions = (
				Info.plist,
			);
			target = 55FCCCFE2E78889500133C6C /* OpenChecklist */;
		};
/* End PBXFileSystemSynchronizedBuildFileExceptionSet section */

/* Begin PBXFileSystemSynchronizedRootGroup section */
		55FCCD012E78889500133C6C /* OpenChecklist */ = {
			isa = PBXFileSystemSynchronizedRootGroup;
			exceptions = (
				55FCCD3D2E7890CD00133C6C /* Exceptions for "OpenChecklist" folder in "OpenChecklist" target */,
			);
			path = OpenChecklist;
			sourceTree = "<group>";
		};
		55FCCD122E78889600133C6C /* OpenChecklistTests */ = {
			isa = PBXFileSystemSynchronizedRootGroup;
			path = OpenChecklistTests;
			sourceTree = "<group>";
		};
		55FCCD1C2E78889600133C6C /* OpenChecklistUITests */ = {
			isa = PBXFileSystemSynchronizedRootGroup;
			path = OpenChecklistUITests;
			sourceTree = "<group>";
		};
		55FCCD452E78943400133C6C /* OpenChecklistMac */ = {
			isa = PBXFileSystemSynchronizedRootGroup;
			path = OpenChecklistMac;
			sourceTree = "<group>";
		};
		55FCCD562E78943500133C6C /* OpenChecklistMacTests */ = {
			isa = PBXFileSystemSynchronizedRootGroup;
			path = OpenChecklistMacTests;
			sourceTree = "<group>";
		};
		55FCCD602E78943500133C6C /* OpenChecklistMacUITests */ = {
			isa = PBXFileSystemSynchronizedRootGroup;
			path = OpenChecklistMacUITests;
			sourceTree = "<group>";
		};
/* End PBXFileSystemSynchronizedRootGroup section */

/* Begin PBXFrameworksBuildPhase section */
		55FCCCFC2E78889500133C6C /* Frameworks */ = {
			isa = PBXFrameworksBuildPhase;
			buildActionMask = 2147483647;
			files = (
			);
			runOnlyForDeploymentPostprocessing = 0;
		};
		55FCCD0C2E78889600133C6C /* Frameworks */ = {
			isa = PBXFrameworksBuildPhase;
			buildActionMask = 2147483647;
			files = (
			);
			runOnlyForDeploymentPostprocessing = 0;
		};
		55FCCD162E78889600133C6C /* Frameworks */ = {
			isa = PBXFrameworksBuildPhase;
			buildActionMask = 2147483647;
			files = (
			);
			runOnlyForDeploymentPostprocessing = 0;
		};
		55FCCD412E78943400133C6C /* Frameworks */ = {
			isa = PBXFrameworksBuildPhase;
			buildActionMask = 2147483647;
			files = (
			);
			runOnlyForDeploymentPostprocessing = 0;
		};
		55FCCD502E78943500133C6C /* Frameworks */ = {
			isa = PBXFrameworksBuildPhase;
			buildActionMask = 2147483647;
			files = (
			);
			runOnlyForDeploymentPostprocessing = 0;
		};
		55FCCD5A2E78943500133C6C /* Frameworks */ = {
			isa = PBXFrameworksBuildPhase;
			buildActionMask = 2147483647;
			files = (
			);
			runOnlyForDeploymentPostprocessing = 0;
		};
/* End PBXFrameworksBuildPhase section */

/* Begin PBXGroup section */
		55FCCCF62E78889500133C6C = {
			isa = PBXGroup;
			children = (
				55FCCD012E78889500133C6C /* OpenChecklist */,
				55FCCD122E78889600133C6C /* OpenChecklistTests */,
				55FCCD1C2E78889600133C6C /* OpenChecklistUITests */,
				55FCCD452E78943400133C6C /* OpenChecklistMac */,
				55FCCD562E78943500133C6C /* OpenChecklistMacTests */,
				55FCCD602E78943500133C6C /* OpenChecklistMacUITests */,
				55FCCD002E78889500133C6C /* Products */,
			);
			sourceTree = "<group>";
		};
		55FCCD002E78889500133C6C /* Products */ = {
			isa = PBXGroup;
			children = (
				55FCCCFF2E78889500133C6C /* OpenChecklist.app */,
				55FCCD0F2E78889600133C6C /* OpenChecklistTests.xctest */,
				55FCCD192E78889600133C6C /* OpenChecklistUITests.xctest */,
				55FCCD442E78943400133C6C /* OpenChecklistMac.app */,
				55FCCD532E78943500133C6C /* OpenChecklistMacTests.xctest */,
				55FCCD5D2E78943500133C6C /* OpenChecklistMacUITests.xctest */,
			);
			name = Products;
			sourceTree = "<group>";
		};
/* End PBXGroup section */

/* Begin PBXNativeTarget section */
		55FCCCFE2E78889500133C6C /* OpenChecklist */ = {
			isa = PBXNativeTarget;
			buildConfigurationList = 55FCCD232E78889600133C6C /* Build configuration list for PBXNativeTarget "OpenChecklist" */;
			buildPhases = (
				55FCCCFB2E78889500133C6C /* Sources */,
				55FCCCFC2E78889500133C6C /* Frameworks */,
				55FCCCFD2E78889500133C6C /* Resources */,
			);
			buildRules = (
			);
			dependencies = (
			);
			fileSystemSynchronizedGroups = (
				55FCCD012E78889500133C6C /* OpenChecklist */,
			);
			name = OpenChecklist;
			packageProductDependencies = (
			);
			productName = OpenChecklist;
			productReference = 55FCCCFF2E78889500133C6C /* OpenChecklist.app */;
			productType = "com.apple.product-type.application";
		};
		55FCCD0E2E78889600133C6C /* OpenChecklistTests */ = {
			isa = PBXNativeTarget;
			buildConfigurationList = 55FCCD262E78889600133C6C /* Build configuration list for PBXNativeTarget "OpenChecklistTests" */;
			buildPhases = (
				55FCCD0B2E78889600133C6C /* Sources */,
				55FCCD0C2E78889600133C6C /* Frameworks */,
				55FCCD0D2E78889600133C6C /* Resources */,
			);
			buildRules = (
			);
			dependencies = (
				55FCCD112E78889600133C6C /* PBXTargetDependency */,
			);
			fileSystemSynchronizedGroups = (
				55FCCD122E78889600133C6C /* OpenChecklistTests */,
			);
			name = OpenChecklistTests;
			packageProductDependencies = (
			);
			productName = OpenChecklistTests;
			productReference = 55FCCD0F2E78889600133C6C /* OpenChecklistTests.xctest */;
			productType = "com.apple.product-type.bundle.unit-test";
		};
		55FCCD182E78889600133C6C /* OpenChecklistUITests */ = {
			isa = PBXNativeTarget;
			buildConfigurationList = 55FCCD292E78889600133C6C /* Build configuration list for PBXNativeTarget "OpenChecklistUITests" */;
			buildPhases = (
				55FCCD152E78889600133C6C /* Sources */,
				55FCCD162E78889600133C6C /* Frameworks */,
				55FCCD172E78889600133C6C /* Resources */,
			);
			buildRules = (
			);
			dependencies = (
				55FCCD1B2E78889600133C6C /* PBXTargetDependency */,
			);
			fileSystemSynchronizedGroups = (
				55FCCD1C2E78889600133C6C /* OpenChecklistUITests */,
			);
			name = OpenChecklistUITests;
			packageProductDependencies = (
			);
			productName = OpenChecklistUITests;
			productReference = 55FCCD192E78889600133C6C /* OpenChecklistUITests.xctest */;
			productType = "com.apple.product-type.bundle.ui-testing";
		};
		55FCCD432E78943400133C6C /* OpenChecklistMac */ = {
			isa = PBXNativeTarget;
			buildConfigurationList = 55FCCD652E78943500133C6C /* Build configuration list for PBXNativeTarget "OpenChecklistMac" */;
			buildPhases = (
				55FCCD402E78943400133C6C /* Sources */,
				55FCCD412E78943400133C6C /* Frameworks */,
				55FCCD422E78943400133C6C /* Resources */,
			);
			buildRules = (
			);
			dependencies = (
			);
			fileSystemSynchronizedGroups = (
				55FCCD452E78943400133C6C /* OpenChecklistMac */,
			);
			name = OpenChecklistMac;
			packageProductDependencies = (
			);
			productName = OpenChecklistMac;
			productReference = 55FCCD442E78943400133C6C /* OpenChecklistMac.app */;
			productType = "com.apple.product-type.application";
		};
		55FCCD522E78943500133C6C /* OpenChecklistMacTests */ = {
			isa = PBXNativeTarget;
			buildConfigurationList = 55FCCD682E78943500133C6C /* Build configuration list for PBXNativeTarget "OpenChecklistMacTests" */;
			buildPhases = (
				55FCCD4F2E78943500133C6C /* Sources */,
				55FCCD502E78943500133C6C /* Frameworks */,
				55FCCD512E78943500133C6C /* Resources */,
			);
			buildRules = (
			);
			dependencies = (
				55FCCD552E78943500133C6C /* PBXTargetDependency */,
			);
			fileSystemSynchronizedGroups = (
				55FCCD562E78943500133C6C /* OpenChecklistMacTests */,
			);
			name = OpenChecklistMacTests;
			packageProductDependencies = (
			);
			productName = OpenChecklistMacTests;
			productReference = 55FCCD532E78943500133C6C /* OpenChecklistMacTests.xctest */;
			productType = "com.apple.product-type.bundle.unit-test";
		};
		55FCCD5C2E78943500133C6C /* OpenChecklistMacUITests */ = {
			isa = PBXNativeTarget;
			buildConfigurationList = 55FCCD6B2E78943500133C6C /* Build configuration list for PBXNativeTarget "OpenChecklistMacUITests" */;
			buildPhases = (
				55FCCD592E78943500133C6C /* Sources */,
				55FCCD5A2E78943500133C6C /* Frameworks */,
				55FCCD5B2E78943500133C6C /* Resources */,
			);
			buildRules = (
			);
			dependencies = (
				55FCCD5F2E78943500133C6C /* PBXTargetDependency */,
			);
			fileSystemSynchronizedGroups = (
				55FCCD602E78943500133C6C /* OpenChecklistMacUITests */,
			);
			name = OpenChecklistMacUITests;
			packageProductDependencies = (
			);
			productName = OpenChecklistMacUITests;
			productReference = 55FCCD5D2E78943500133C6C /* OpenChecklistMacUITests.xctest */;
			productType = "com.apple.product-type.bundle.ui-testing";
		};
/* End PBXNativeTarget section */

/* Begin PBXProject section */
		55FCCCF72E78889500133C6C /* Project object */ = {
			isa = PBXProject;
			attributes = {
				BuildIndependentTargetsInParallel = 1;
				LastSwiftUpdateCheck = 1640;
				LastUpgradeCheck = 1640;
				TargetAttributes = {
					55FCCCFE2E78889500133C6C = {
						CreatedOnToolsVersion = 16.4;
					};
					55FCCD0E2E78889600133C6C = {
						CreatedOnToolsVersion = 16.4;
						TestTargetID = 55FCCCFE2E78889500133C6C;
					};
					55FCCD182E78889600133C6C = {
						CreatedOnToolsVersion = 16.4;
						TestTargetID = 55FCCCFE2E78889500133C6C;
					};
					55FCCD432E78943400133C6C = {
						CreatedOnToolsVersion = 16.4;
					};
					55FCCD522E78943500133C6C = {
						CreatedOnToolsVersion = 16.4;
						TestTargetID = 55FCCD432E78943400133C6C;
					};
					55FCCD5C2E78943500133C6C = {
						CreatedOnToolsVersion = 16.4;
						TestTargetID = 55FCCD432E78943400133C6C;
					};
				};
			};
			buildConfigurationList = 55FCCCFA2E78889500133C6C /* Build configuration list for PBXProject "OpenChecklist" */;
			developmentRegion = en;
			hasScannedForEncodings = 0;
			knownRegions = (
				en,
				Base,
			);
			mainGroup = 55FCCCF62E78889500133C6C;
			minimizedProjectReferenceProxies = 1;
			preferredProjectObjectVersion = 77;
			productRefGroup = 55FCCD002E78889500133C6C /* Products */;
			projectDirPath = "";
			projectRoot = "";
			targets = (
				55FCCCFE2E78889500133C6C /* OpenChecklist */,
				55FCCD0E2E78889600133C6C /* OpenChecklistTests */,
				55FCCD182E78889600133C6C /* OpenChecklistUITests */,
				55FCCD432E78943400133C6C /* OpenChecklistMac */,
				55FCCD522E78943500133C6C /* OpenChecklistMacTests */,
				55FCCD5C2E78943500133C6C /* OpenChecklistMacUITests */,
			);
		};
/* End PBXProject section */

/* Begin PBXResourcesBuildPhase section */
		55FCCCFD2E78889500133C6C /* Resources */ = {
			isa = PBXResourcesBuildPhase;
			buildActionMask = 2147483647;
			files = (
			);
			runOnlyForDeploymentPostprocessing = 0;
		};
		55FCCD0D2E78889600133C6C /* Resources */ = {
			isa = PBXResourcesBuildPhase;
			buildActionMask = 2147483647;
			files = (
			);
			runOnlyForDeploymentPostprocessing = 0;
		};
		55FCCD172E78889600133C6C /* Resources */ = {
			isa = PBXResourcesBuildPhase;
			buildActionMask = 2147483647;
			files = (
			);
			runOnlyForDeploymentPostprocessing = 0;
		};
		55FCCD422E78943400133C6C /* Resources */ = {
			isa = PBXResourcesBuildPhase;
			buildActionMask = 2147483647;
			files = (
			);
			runOnlyForDeploymentPostprocessing = 0;
		};
		55FCCD512E78943500133C6C /* Resources */ = {
			isa = PBXResourcesBuildPhase;
			buildActionMask = 2147483647;
			files = (
			);
			runOnlyForDeploymentPostprocessing = 0;
		};
		55FCCD5B2E78943500133C6C /* Resources */ = {
			isa = PBXResourcesBuildPhase;
			buildActionMask = 2147483647;
			files = (
			);
			runOnlyForDeploymentPostprocessing = 0;
		};
/* End PBXResourcesBuildPhase section */

/* Begin PBXSourcesBuildPhase section */
		55FCCCFB2E78889500133C6C /* Sources */ = {
			isa = PBXSourcesBuildPhase;
			buildActionMask = 2147483647;
			files = (
			);
			runOnlyForDeploymentPostprocessing = 0;
		};
		55FCCD0B2E78889600133C6C /* Sources */ = {
			isa = PBXSourcesBuildPhase;
			buildActionMask = 2147483647;
			files = (
			);
			runOnlyForDeploymentPostprocessing = 0;
		};
		55FCCD152E78889600133C6C /* Sources */ = {
			isa = PBXSourcesBuildPhase;
			buildActionMask = 2147483647;
			files = (
			);
			runOnlyForDeploymentPostprocessing = 0;
		};
		55FCCD402E78943400133C6C /* Sources */ = {
			isa = PBXSourcesBuildPhase;
			buildActionMask = 2147483647;
			files = (
			);
			runOnlyForDeploymentPostprocessing = 0;
		};
		55FCCD4F2E78943500133C6C /* Sources */ = {
			isa = PBXSourcesBuildPhase;
			buildActionMask = 2147483647;
			files = (
			);
			runOnlyForDeploymentPostprocessing = 0;
		};
		55FCCD592E78943500133C6C /* Sources */ = {
			isa = PBXSourcesBuildPhase;
			buildActionMask = 2147483647;
			files = (
			);
			runOnlyForDeploymentPostprocessing = 0;
		};
/* End PBXSourcesBuildPhase section */

/* Begin PBXTargetDependency section */
		55FCCD112E78889600133C6C /* PBXTargetDependency */ = {
			isa = PBXTargetDependency;
			target = 55FCCCFE2E78889500133C6C /* OpenChecklist */;
			targetProxy = 55FCCD102E78889600133C6C /* PBXContainerItemProxy */;
		};
		55FCCD1B2E78889600133C6C /* PBXTargetDependency */ = {
			isa = PBXTargetDependency;
			target = 55FCCCFE2E78889500133C6C /* OpenChecklist */;
			targetProxy = 55FCCD1A2E78889600133C6C /* PBXContainerItemProxy */;
		};
		55FCCD552E78943500133C6C /* PBXTargetDependency */ = {
			isa = PBXTargetDependency;
			target = 55FCCD432E78943400133C6C /* OpenChecklistMac */;
			targetProxy = 55FCCD542E78943500133C6C /* PBXContainerItemProxy */;
		};
		55FCCD5F2E78943500133C6C /* PBXTargetDependency */ = {
			isa = PBXTargetDependency;
			target = 55FCCD432E78943400133C6C /* OpenChecklistMac */;
			targetProxy = 55FCCD5E2E78943500133C6C /* PBXContainerItemProxy */;
		};
/* End PBXTargetDependency section */

/* Begin XCBuildConfiguration section */
		55FCCD212E78889600133C6C /* Debug */ = {
			isa = XCBuildConfiguration;
			buildSettings = {
				ALWAYS_SEARCH_USER_PATHS = NO;
				ASSETCATALOG_COMPILER_GENERATE_SWIFT_ASSET_SYMBOL_EXTENSIONS = YES;
				CLANG_ANALYZER_NONNULL = YES;
				CLANG_ANALYZER_NUMBER_OBJECT_CONVERSION = YES_AGGRESSIVE;
				CLANG_CXX_LANGUAGE_STANDARD = "gnu++20";
				CLANG_ENABLE_MODULES = YES;
				CLANG_ENABLE_OBJC_ARC = YES;
				CLANG_ENABLE_OBJC_WEAK = YES;
				CLANG_WARN_BLOCK_CAPTURE_AUTORELEASING = YES;
				CLANG_WARN_BOOL_CONVERSION = YES;
				CLANG_WARN_COMMA = YES;
				CLANG_WARN_CONSTANT_CONVERSION = YES;
				CLANG_WARN_DEPRECATED_OBJC_IMPLEMENTATIONS = YES;
				CLANG_WARN_DIRECT_OBJC_ISA_USAGE = YES_ERROR;
				CLANG_WARN_DOCUMENTATION_COMMENTS = YES;
				CLANG_WARN_EMPTY_BODY = YES;
				CLANG_WARN_ENUM_CONVERSION = YES;
				CLANG_WARN_INFINITE_RECURSION = YES;
				CLANG_WARN_INT_CONVERSION = YES;
				CLANG_WARN_NON_LITERAL_NULL_CONVERSION = YES;
				CLANG_WARN_OBJC_IMPLICIT_RETAIN_SELF = YES;
				CLANG_WARN_OBJC_LITERAL_CONVERSION = YES;
				CLANG_WARN_OBJC_ROOT_CLASS = YES_ERROR;
				CLANG_WARN_QUOTED_INCLUDE_IN_FRAMEWORK_HEADER = YES;
				CLANG_WARN_RANGE_LOOP_ANALYSIS = YES;
				CLANG_WARN_STRICT_PROTOTYPES = YES;
				CLANG_WARN_SUSPICIOUS_MOVE = YES;
				CLANG_WARN_UNGUARDED_AVAILABILITY = YES_AGGRESSIVE;
				CLANG_WARN_UNREACHABLE_CODE = YES;
				CLANG_WARN__DUPLICATE_METHOD_MATCH = YES;
				COPY_PHASE_STRIP = NO;
				DEBUG_INFORMATION_FORMAT = dwarf;
				DEVELOPMENT_TEAM = T4GNUU7H4Y;
				ENABLE_STRICT_OBJC_MSGSEND = YES;
				ENABLE_TESTABILITY = YES;
				ENABLE_USER_SCRIPT_SANDBOXING = YES;
				GCC_C_LANGUAGE_STANDARD = gnu17;
				GCC_DYNAMIC_NO_PIC = NO;
				GCC_NO_COMMON_BLOCKS = YES;
				GCC_OPTIMIZATION_LEVEL = 0;
				GCC_PREPROCESSOR_DEFINITIONS = (
					"DEBUG=1",
					"$(inherited)",
				);
				GCC_WARN_64_TO_32_BIT_CONVERSION = YES;
				GCC_WARN_ABOUT_RETURN_TYPE = YES_ERROR;
				GCC_WARN_UNDECLARED_SELECTOR = YES;
				GCC_WARN_UNINITIALIZED_AUTOS = YES_AGGRESSIVE;
				GCC_WARN_UNUSED_FUNCTION = YES;
				GCC_WARN_UNUSED_VARIABLE = YES;
				LOCALIZATION_PREFERS_STRING_CATALOGS = YES;
				MTL_ENABLE_DEBUG_INFO = INCLUDE_SOURCE;
				MTL_FAST_MATH = YES;
				ONLY_ACTIVE_ARCH = YES;
				SWIFT_ACTIVE_COMPILATION_CONDITIONS = "DEBUG $(inherited)";
				SWIFT_OPTIMIZATION_LEVEL = "-Onone";
			};
			name = Debug;
		};
		55FCCD222E78889600133C6C /* Release */ = {
			isa = XCBuildConfiguration;
			buildSettings = {
				ALWAYS_SEARCH_USER_PATHS = NO;
				ASSETCATALOG_COMPILER_GENERATE_SWIFT_ASSET_SYMBOL_EXTENSIONS = YES;
				CLANG_ANALYZER_NONNULL = YES;
				CLANG_ANALYZER_NUMBER_OBJECT_CONVERSION = YES_AGGRESSIVE;
				CLANG_CXX_LANGUAGE_STANDARD = "gnu++20";
				CLANG_ENABLE_MODULES = YES;
				CLANG_ENABLE_OBJC_ARC = YES;
				CLANG_ENABLE_OBJC_WEAK = YES;
				CLANG_WARN_BLOCK_CAPTURE_AUTORELEASING = YES;
				CLANG_WARN_BOOL_CONVERSION = YES;
				CLANG_WARN_COMMA = YES;
				CLANG_WARN_CONSTANT_CONVERSION = YES;
				CLANG_WARN_DEPRECATED_OBJC_IMPLEMENTATIONS = YES;
				CLANG_WARN_DIRECT_OBJC_ISA_USAGE = YES_ERROR;
				CLANG_WARN_DOCUMENTATION_COMMENTS = YES;
				CLANG_WARN_EMPTY_BODY = YES;
				CLANG_WARN_ENUM_CONVERSION = YES;
				CLANG_WARN_INFINITE_RECURSION = YES;
				CLANG_WARN_INT_CONVERSION = YES;
				CLANG_WARN_NON_LITERAL_NULL_CONVERSION = YES;
				CLANG_WARN_OBJC_IMPLICIT_RETAIN_SELF = YES;
				CLANG_WARN_OBJC_LITERAL_CONVERSION = YES;
				CLANG_WARN_OBJC_ROOT_CLASS = YES_ERROR;
				CLANG_WARN_QUOTED_INCLUDE_IN_FRAMEWORK_HEADER = YES;
				CLANG_WARN_RANGE_LOOP_ANALYSIS = YES;
				CLANG_WARN_STRICT_PROTOTYPES = YES;
				CLANG_WARN_SUSPICIOUS_MOVE = YES;
				CLANG_WARN_UNGUARDED_AVAILABILITY = YES_AGGRESSIVE;
				CLANG_WARN_UNREACHABLE_CODE = YES;
				CLANG_WARN__DUPLICATE_METHOD_MATCH = YES;
				COPY_PHASE_STRIP = NO;
				DEBUG_INFORMATION_FORMAT = "dwarf-with-dsym";
				DEVELOPMENT_TEAM = T4GNUU7H4Y;
				ENABLE_NS_ASSERTIONS = NO;
				ENABLE_STRICT_OBJC_MSGSEND = YES;
				ENABLE_USER_SCRIPT_SANDBOXING = YES;
				GCC_C_LANGUAGE_STANDARD = gnu17;
				GCC_NO_COMMON_BLOCKS = YES;
				GCC_WARN_64_TO_32_BIT_CONVERSION = YES;
				GCC_WARN_ABOUT_RETURN_TYPE = YES_ERROR;
				GCC_WARN_UNDECLARED_SELECTOR = YES;
				GCC_WARN_UNINITIALIZED_AUTOS = YES_AGGRESSIVE;
				GCC_WARN_UNUSED_FUNCTION = YES;
				GCC_WARN_UNUSED_VARIABLE = YES;
				LOCALIZATION_PREFERS_STRING_CATALOGS = YES;
				MTL_ENABLE_DEBUG_INFO = NO;
				MTL_FAST_MATH = YES;
				SWIFT_COMPILATION_MODE = wholemodule;
			};
			name = Release;
		};
		55FCCD242E78889600133C6C /* Debug */ = {
			isa = XCBuildConfiguration;
			buildSettings = {
				ASSETCATALOG_COMPILER_APPICON_NAME = AppIcon;
				ASSETCATALOG_COMPILER_GLOBAL_ACCENT_COLOR_NAME = AccentColor;
				CODE_SIGN_ENTITLEMENTS = OpenChecklist/OpenChecklist.entitlements;
				CODE_SIGN_STYLE = Automatic;
				CURRENT_PROJECT_VERSION = 1;
				DEVELOPMENT_TEAM = T4GNUU7H4Y;
				ENABLE_HARDENED_RUNTIME = YES;
				ENABLE_PREVIEWS = YES;
				GENERATE_INFOPLIST_FILE = YES;
				INFOPLIST_FILE = OpenChecklist/Info.plist;
				"INFOPLIST_KEY_UIApplicationSceneManifest_Generation[sdk=iphoneos*]" = YES;
				"INFOPLIST_KEY_UIApplicationSceneManifest_Generation[sdk=iphonesimulator*]" = YES;
				"INFOPLIST_KEY_UIApplicationSupportsIndirectInputEvents[sdk=iphoneos*]" = YES;
				"INFOPLIST_KEY_UIApplicationSupportsIndirectInputEvents[sdk=iphonesimulator*]" = YES;
				"INFOPLIST_KEY_UILaunchScreen_Generation[sdk=iphoneos*]" = YES;
				"INFOPLIST_KEY_UILaunchScreen_Generation[sdk=iphonesimulator*]" = YES;
				"INFOPLIST_KEY_UIStatusBarStyle[sdk=iphoneos*]" = UIStatusBarStyleDefault;
				"INFOPLIST_KEY_UIStatusBarStyle[sdk=iphonesimulator*]" = UIStatusBarStyleDefault;
				INFOPLIST_KEY_UISupportedInterfaceOrientations_iPad = "UIInterfaceOrientationPortrait UIInterfaceOrientationPortraitUpsideDown UIInterfaceOrientationLandscapeLeft UIInterfaceOrientationLandscapeRight";
				INFOPLIST_KEY_UISupportedInterfaceOrientations_iPhone = "UIInterfaceOrientationPortrait UIInterfaceOrientationLandscapeLeft UIInterfaceOrientationLandscapeRight";
				IPHONEOS_DEPLOYMENT_TARGET = 18.5;
				LD_RUNPATH_SEARCH_PATHS = "@executable_path/Frameworks";
				"LD_RUNPATH_SEARCH_PATHS[sdk=macosx*]" = "@executable_path/../Frameworks";
				MACOSX_DEPLOYMENT_TARGET = 14.0;
				MARKETING_VERSION = 1.0;
				PRODUCT_BUNDLE_IDENTIFIER = nu.oskarsson.OpenChecklist;
				PRODUCT_NAME = "$(TARGET_NAME)";
				REGISTER_APP_GROUPS = YES;
				SDKROOT = auto;
				SUPPORTED_PLATFORMS = "iphoneos iphonesimulator macosx xros xrsimulator";
				SWIFT_EMIT_LOC_STRINGS = YES;
				SWIFT_VERSION = 5.0;
				TARGETED_DEVICE_FAMILY = "1,2,7";
				XROS_DEPLOYMENT_TARGET = 2.5;
			};
			name = Debug;
		};
		55FCCD252E78889600133C6C /* Release */ = {
			isa = XCBuildConfiguration;
			buildSettings = {
				ASSETCATALOG_COMPILER_APPICON_NAME = AppIcon;
				ASSETCATALOG_COMPILER_GLOBAL_ACCENT_COLOR_NAME = AccentColor;
				CODE_SIGN_ENTITLEMENTS = OpenChecklist/OpenChecklist.entitlements;
				CODE_SIGN_STYLE = Automatic;
				CURRENT_PROJECT_VERSION = 1;
				DEVELOPMENT_TEAM = T4GNUU7H4Y;
				ENABLE_HARDENED_RUNTIME = YES;
				ENABLE_PREVIEWS = YES;
				GENERATE_INFOPLIST_FILE = YES;
				INFOPLIST_FILE = OpenChecklist/Info.plist;
				"INFOPLIST_KEY_UIApplicationSceneManifest_Generation[sdk=iphoneos*]" = YES;
				"INFOPLIST_KEY_UIApplicationSceneManifest_Generation[sdk=iphonesimulator*]" = YES;
				"INFOPLIST_KEY_UIApplicationSupportsIndirectInputEvents[sdk=iphoneos*]" = YES;
				"INFOPLIST_KEY_UIApplicationSupportsIndirectInputEvents[sdk=iphonesimulator*]" = YES;
				"INFOPLIST_KEY_UILaunchScreen_Generation[sdk=iphoneos*]" = YES;
				"INFOPLIST_KEY_UILaunchScreen_Generation[sdk=iphonesimulator*]" = YES;
				"INFOPLIST_KEY_UIStatusBarStyle[sdk=iphoneos*]" = UIStatusBarStyleDefault;
				"INFOPLIST_KEY_UIStatusBarStyle[sdk=iphonesimulator*]" = UIStatusBarStyleDefault;
				INFOPLIST_KEY_UISupportedInterfaceOrientations_iPad = "UIInterfaceOrientationPortrait UIInterfaceOrientationPortraitUpsideDown UIInterfaceOrientationLandscapeLeft UIInterfaceOrientationLandscapeRight";
				INFOPLIST_KEY_UISupportedInterfaceOrientations_iPhone = "UIInterfaceOrientationPortrait UIInterfaceOrientationLandscapeLeft UIInterfaceOrientationLandscapeRight";
				IPHONEOS_DEPLOYMENT_TARGET = 18.5;
				LD_RUNPATH_SEARCH_PATHS = "@executable_path/Frameworks";
				"LD_RUNPATH_SEARCH_PATHS[sdk=macosx*]" = "@executable_path/../Frameworks";
				MACOSX_DEPLOYMENT_TARGET = 14.0;
				MARKETING_VERSION = 1.0;
				PRODUCT_BUNDLE_IDENTIFIER = nu.oskarsson.OpenChecklist;
				PRODUCT_NAME = "$(TARGET_NAME)";
				REGISTER_APP_GROUPS = YES;
				SDKROOT = auto;
				SUPPORTED_PLATFORMS = "iphoneos iphonesimulator macosx xros xrsimulator";
				SWIFT_EMIT_LOC_STRINGS = YES;
				SWIFT_VERSION = 5.0;
				TARGETED_DEVICE_FAMILY = "1,2,7";
				XROS_DEPLOYMENT_TARGET = 2.5;
			};
			name = Release;
		};
		55FCCD272E78889600133C6C /* Debug */ = {
			isa = XCBuildConfiguration;
			buildSettings = {
				BUNDLE_LOADER = "$(TEST_HOST)";
				CODE_SIGN_STYLE = Automatic;
				CURRENT_PROJECT_VERSION = 1;
				DEVELOPMENT_TEAM = T4GNUU7H4Y;
				GENERATE_INFOPLIST_FILE = YES;
				IPHONEOS_DEPLOYMENT_TARGET = 18.5;
				MACOSX_DEPLOYMENT_TARGET = 15.5;
				MARKETING_VERSION = 1.0;
				PRODUCT_BUNDLE_IDENTIFIER = nu.oskarsson.OpenChecklistTests;
				PRODUCT_NAME = "$(TARGET_NAME)";
				SDKROOT = auto;
				SUPPORTED_PLATFORMS = "iphoneos iphonesimulator macosx xros xrsimulator";
				SWIFT_EMIT_LOC_STRINGS = NO;
				SWIFT_VERSION = 5.0;
				TARGETED_DEVICE_FAMILY = "1,2,7";
				TEST_HOST = "$(BUILT_PRODUCTS_DIR)/OpenChecklist.app/$(BUNDLE_EXECUTABLE_FOLDER_PATH)/OpenChecklist";
				XROS_DEPLOYMENT_TARGET = 2.5;
			};
			name = Debug;
		};
		55FCCD282E78889600133C6C /* Release */ = {
			isa = XCBuildConfiguration;
			buildSettings = {
				BUNDLE_LOADER = "$(TEST_HOST)";
				CODE_SIGN_STYLE = Automatic;
				CURRENT_PROJECT_VERSION = 1;
				DEVELOPMENT_TEAM = T4GNUU7H4Y;
				GENERATE_INFOPLIST_FILE = YES;
				IPHONEOS_DEPLOYMENT_TARGET = 18.5;
				MACOSX_DEPLOYMENT_TARGET = 15.5;
				MARKETING_VERSION = 1.0;
				PRODUCT_BUNDLE_IDENTIFIER = nu.oskarsson.OpenChecklistTests;
				PRODUCT_NAME = "$(TARGET_NAME)";
				SDKROOT = auto;
				SUPPORTED_PLATFORMS = "iphoneos iphonesimulator macosx xros xrsimulator";
				SWIFT_EMIT_LOC_STRINGS = NO;
				SWIFT_VERSION = 5.0;
				TARGETED_DEVICE_FAMILY = "1,2,7";
				TEST_HOST = "$(BUILT_PRODUCTS_DIR)/OpenChecklist.app/$(BUNDLE_EXECUTABLE_FOLDER_PATH)/OpenChecklist";
				XROS_DEPLOYMENT_TARGET = 2.5;
			};
			name = Release;
		};
		55FCCD2A2E78889600133C6C /* Debug */ = {
			isa = XCBuildConfiguration;
			buildSettings = {
				CODE_SIGN_STYLE = Automatic;
				CURRENT_PROJECT_VERSION = 1;
				DEVELOPMENT_TEAM = T4GNUU7H4Y;
				GENERATE_INFOPLIST_FILE = YES;
				IPHONEOS_DEPLOYMENT_TARGET = 18.5;
				MACOSX_DEPLOYMENT_TARGET = 15.5;
				MARKETING_VERSION = 1.0;
				PRODUCT_BUNDLE_IDENTIFIER = nu.oskarsson.OpenChecklistUITests;
				PRODUCT_NAME = "$(TARGET_NAME)";
				SDKROOT = auto;
				SUPPORTED_PLATFORMS = "iphoneos iphonesimulator macosx xros xrsimulator";
				SWIFT_EMIT_LOC_STRINGS = NO;
				SWIFT_VERSION = 5.0;
				TARGETED_DEVICE_FAMILY = "1,2,7";
				TEST_TARGET_NAME = OpenChecklist;
				XROS_DEPLOYMENT_TARGET = 2.5;
			};
			name = Debug;
		};
		55FCCD2B2E78889600133C6C /* Release */ = {
			isa = XCBuildConfiguration;
			buildSettings = {
				CODE_SIGN_STYLE = Automatic;
				CURRENT_PROJECT_VERSION = 1;
				DEVELOPMENT_TEAM = T4GNUU7H4Y;
				GENERATE_INFOPLIST_FILE = YES;
				IPHONEOS_DEPLOYMENT_TARGET = 18.5;
				MACOSX_DEPLOYMENT_TARGET = 15.5;
				MARKETING_VERSION = 1.0;
				PRODUCT_BUNDLE_IDENTIFIER = nu.oskarsson.OpenChecklistUITests;
				PRODUCT_NAME = "$(TARGET_NAME)";
				SDKROOT = auto;
				SUPPORTED_PLATFORMS = "iphoneos iphonesimulator macosx xros xrsimulator";
				SWIFT_EMIT_LOC_STRINGS = NO;
				SWIFT_VERSION = 5.0;
				TARGETED_DEVICE_FAMILY = "1,2,7";
				TEST_TARGET_NAME = OpenChecklist;
				XROS_DEPLOYMENT_TARGET = 2.5;
			};
			name = Release;
		};
		55FCCD662E78943500133C6C /* Debug */ = {
			isa = XCBuildConfiguration;
			buildSettings = {
				ASSETCATALOG_COMPILER_APPICON_NAME = AppIcon;
				ASSETCATALOG_COMPILER_GLOBAL_ACCENT_COLOR_NAME = AccentColor;
				CODE_SIGN_ENTITLEMENTS = OpenChecklistMac/OpenChecklistMac.entitlements;
				CODE_SIGN_STYLE = Automatic;
				COMBINE_HIDPI_IMAGES = YES;
				CURRENT_PROJECT_VERSION = 1;
				DEVELOPMENT_TEAM = T4GNUU7H4Y;
				ENABLE_HARDENED_RUNTIME = YES;
				ENABLE_PREVIEWS = YES;
				GENERATE_INFOPLIST_FILE = YES;
				INFOPLIST_KEY_NSHumanReadableCopyright = "";
				LD_RUNPATH_SEARCH_PATHS = (
					"$(inherited)",
					"@executable_path/../Frameworks",
				);
				MACOSX_DEPLOYMENT_TARGET = 15.5;
				MARKETING_VERSION = 1.0;
				PRODUCT_BUNDLE_IDENTIFIER = nu.oskarsson.OpenChecklistMac;
				PRODUCT_NAME = "$(TARGET_NAME)";
				REGISTER_APP_GROUPS = YES;
				SDKROOT = macosx;
				SWIFT_EMIT_LOC_STRINGS = YES;
				SWIFT_VERSION = 5.0;
			};
			name = Debug;
		};
		55FCCD672E78943500133C6C /* Release */ = {
			isa = XCBuildConfiguration;
			buildSettings = {
				ASSETCATALOG_COMPILER_APPICON_NAME = AppIcon;
				ASSETCATALOG_COMPILER_GLOBAL_ACCENT_COLOR_NAME = AccentColor;
				CODE_SIGN_ENTITLEMENTS = OpenChecklistMac/OpenChecklistMac.entitlements;
				CODE_SIGN_STYLE = Automatic;
				COMBINE_HIDPI_IMAGES = YES;
				CURRENT_PROJECT_VERSION = 1;
				DEVELOPMENT_TEAM = T4GNUU7H4Y;
				ENABLE_HARDENED_RUNTIME = YES;
				ENABLE_PREVIEWS = YES;
				GENERATE_INFOPLIST_FILE = YES;
				INFOPLIST_KEY_NSHumanReadableCopyright = "";
				LD_RUNPATH_SEARCH_PATHS = (
					"$(inherited)",
					"@executable_path/../Frameworks",
				);
				MACOSX_DEPLOYMENT_TARGET = 15.5;
				MARKETING_VERSION = 1.0;
				PRODUCT_BUNDLE_IDENTIFIER = nu.oskarsson.OpenChecklistMac;
				PRODUCT_NAME = "$(TARGET_NAME)";
				REGISTER_APP_GROUPS = YES;
				SDKROOT = macosx;
				SWIFT_EMIT_LOC_STRINGS = YES;
				SWIFT_VERSION = 5.0;
			};
			name = Release;
		};
		55FCCD692E78943500133C6C /* Debug */ = {
			isa = XCBuildConfiguration;
			buildSettings = {
				BUNDLE_LOADER = "$(TEST_HOST)";
				CODE_SIGN_STYLE = Automatic;
				CURRENT_PROJECT_VERSION = 1;
				DEVELOPMENT_TEAM = T4GNUU7H4Y;
				GENERATE_INFOPLIST_FILE = YES;
				MACOSX_DEPLOYMENT_TARGET = 15.5;
				MARKETING_VERSION = 1.0;
				PRODUCT_BUNDLE_IDENTIFIER = nu.oskarsson.OpenChecklistMacTests;
				PRODUCT_NAME = "$(TARGET_NAME)";
				SDKROOT = macosx;
				SWIFT_EMIT_LOC_STRINGS = NO;
				SWIFT_VERSION = 5.0;
				TEST_HOST = "$(BUILT_PRODUCTS_DIR)/OpenChecklistMac.app/$(BUNDLE_EXECUTABLE_FOLDER_PATH)/OpenChecklistMac";
			};
			name = Debug;
		};
		55FCCD6A2E78943500133C6C /* Release */ = {
			isa = XCBuildConfiguration;
			buildSettings = {
				BUNDLE_LOADER = "$(TEST_HOST)";
				CODE_SIGN_STYLE = Automatic;
				CURRENT_PROJECT_VERSION = 1;
				DEVELOPMENT_TEAM = T4GNUU7H4Y;
				GENERATE_INFOPLIST_FILE = YES;
				MACOSX_DEPLOYMENT_TARGET = 15.5;
				MARKETING_VERSION = 1.0;
				PRODUCT_BUNDLE_IDENTIFIER = nu.oskarsson.OpenChecklistMacTests;
				PRODUCT_NAME = "$(TARGET_NAME)";
				SDKROOT = macosx;
				SWIFT_EMIT_LOC_STRINGS = NO;
				SWIFT_VERSION = 5.0;
				TEST_HOST = "$(BUILT_PRODUCTS_DIR)/OpenChecklistMac.app/$(BUNDLE_EXECUTABLE_FOLDER_PATH)/OpenChecklistMac";
			};
			name = Release;
		};
		55FCCD6C2E78943500133C6C /* Debug */ = {
			isa = XCBuildConfiguration;
			buildSettings = {
				CODE_SIGN_STYLE = Automatic;
				CURRENT_PROJECT_VERSION = 1;
				DEVELOPMENT_TEAM = T4GNUU7H4Y;
				GENERATE_INFOPLIST_FILE = YES;
				MACOSX_DEPLOYMENT_TARGET = 15.5;
				MARKETING_VERSION = 1.0;
				PRODUCT_BUNDLE_IDENTIFIER = nu.oskarsson.OpenChecklistMacUITests;
				PRODUCT_NAME = "$(TARGET_NAME)";
				SDKROOT = macosx;
				SWIFT_EMIT_LOC_STRINGS = NO;
				SWIFT_VERSION = 5.0;
				TEST_TARGET_NAME = OpenChecklistMac;
			};
			name = Debug;
		};
		55FCCD6D2E78943500133C6C /* Release */ = {
			isa = XCBuildConfiguration;
			buildSettings = {
				CODE_SIGN_STYLE = Automatic;
				CURRENT_PROJECT_VERSION = 1;
				DEVELOPMENT_TEAM = T4GNUU7H4Y;
				GENERATE_INFOPLIST_FILE = YES;
				MACOSX_DEPLOYMENT_TARGET = 15.5;
				MARKETING_VERSION = 1.0;
				PRODUCT_BUNDLE_IDENTIFIER = nu.oskarsson.OpenChecklistMacUITests;
				PRODUCT_NAME = "$(TARGET_NAME)";
				SDKROOT = macosx;
				SWIFT_EMIT_LOC_STRINGS = NO;
				SWIFT_VERSION = 5.0;
				TEST_TARGET_NAME = OpenChecklistMac;
			};
			name = Release;
		};
/* End XCBuildConfiguration section */

/* Begin XCConfigurationList section */
		55FCCCFA2E78889500133C6C /* Build configuration list for PBXProject "OpenChecklist" */ = {
			isa = XCConfigurationList;
			buildConfigurations = (
				55FCCD212E78889600133C6C /* Debug */,
				55FCCD222E78889600133C6C /* Release */,
			);
			defaultConfigurationIsVisible = 0;
			defaultConfigurationName = Release;
		};
		55FCCD232E78889600133C6C /* Build configuration list for PBXNativeTarget "OpenChecklist" */ = {
			isa = XCConfigurationList;
			buildConfigurations = (
				55FCCD242E78889600133C6C /* Debug */,
				55FCCD252E78889600133C6C /* Release */,
			);
			defaultConfigurationIsVisible = 0;
			defaultConfigurationName = Release;
		};
		55FCCD262E78889600133C6C /* Build configuration list for PBXNativeTarget "OpenChecklistTests" */ = {
			isa = XCConfigurationList;
			buildConfigurations = (
				55FCCD272E78889600133C6C /* Debug */,
				55FCCD282E78889600133C6C /* Release */,
			);
			defaultConfigurationIsVisible = 0;
			defaultConfigurationName = Release;
		};
		55FCCD292E78889600133C6C /* Build configuration list for PBXNativeTarget "OpenChecklistUITests" */ = {
			isa = XCConfigurationList;
			buildConfigurations = (
				55FCCD2A2E78889600133C6C /* Debug */,
				55FCCD2B2E78889600133C6C /* Release */,
			);
			defaultConfigurationIsVisible = 0;
			defaultConfigurationName = Release;
		};
		55FCCD652E78943500133C6C /* Build configuration list for PBXNativeTarget "OpenChecklistMac" */ = {
			isa = XCConfigurationList;
			buildConfigurations = (
				55FCCD662E78943500133C6C /* Debug */,
				55FCCD672E78943500133C6C /* Release */,
			);
			defaultConfigurationIsVisible = 0;
			defaultConfigurationName = Release;
		};
		55FCCD682E78943500133C6C /* Build configuration list for PBXNativeTarget "OpenChecklistMacTests" */ = {
			isa = XCConfigurationList;
			buildConfigurations = (
				55FCCD692E78943500133C6C /* Debug */,
				55FCCD6A2E78943500133C6C /* Release */,
			);
			defaultConfigurationIsVisible = 0;
			defaultConfigurationName = Release;
		};
		55FCCD6B2E78943500133C6C /* Build configuration list for PBXNativeTarget "OpenChecklistMacUITests" */ = {
			isa = XCConfigurationList;
			buildConfigurations = (
				55FCCD6C2E78943500133C6C /* Debug */,
				55FCCD6D2E78943500133C6C /* Release */,
			);
			defaultConfigurationIsVisible = 0;
			defaultConfigurationName = Release;
		};
/* End XCConfigurationList section */
	};
	rootObject = 55FCCCF72E78889500133C6C /* Project object */;
}
